<?xml version="1.0" encoding="utf-8"?>
<Project ToolsVersion="4.0" xmlns="http://schemas.microsoft.com/developer/msbuild/2003">
  <ItemGroup>
    <Filter Include="源文件">
      <UniqueIdentifier>{4FC737F1-C7A5-4376-A066-2A32D752A2FF}</UniqueIdentifier>
      <Extensions>cpp;c;cc;cxx;c++;cppm;ixx;def;odl;idl;hpj;bat;asm;asmx</Extensions>
    </Filter>
    <Filter Include="头文件">
      <UniqueIdentifier>{93995380-89BD-4b04-88EB-625FBE52EBFB}</UniqueIdentifier>
      <Extensions>h;hh;hpp;hxx;h++;hm;inl;inc;ipp;xsd</Extensions>
    </Filter>
    <Filter Include="资源文件">
      <UniqueIdentifier>{67DA6AB6-F800-4c08-8B7A-83BB121AAD01}</UniqueIdentifier>
      <Extensions>rc;ico;cur;bmp;dlg;rc2;rct;bin;rgs;gif;jpg;jpeg;jpe;resx;tiff;tif;png;wav;mfcribbon-ms</Extensions>
    </Filter>
    <Filter Include="Shader">
      <UniqueIdentifier>{e86d526b-5108-42e9-bd31-0a226a1171e6}</UniqueIdentifier>
    </Filter>
    <Filter Include="源文件\Bindable">
      <UniqueIdentifier>{b938a462-f8c4-4aa0-b24c-e1db3c9a114d}</UniqueIdentifier>
    </Filter>
    <Filter Include="源文件\Drawable">
      <UniqueIdentifier>{d32339d5-227f-4278-85e2-18982bc030cf}</UniqueIdentifier>
    </Filter>
    <Filter Include="头文件\Drawable">
      <UniqueIdentifier>{93d7d27a-5cba-4503-bc3e-0fd9abb8a284}</UniqueIdentifier>
    </Filter>
    <Filter Include="头文件\Geometry">
      <UniqueIdentifier>{ee66f06e-b4ae-4a91-bc11-1b8d5b990c29}</UniqueIdentifier>
    </Filter>
    <Filter Include="资源文件\Image">
      <UniqueIdentifier>{b4224c9e-f813-4a79-ac68-60f9515d28a4}</UniqueIdentifier>
    </Filter>
    <Filter Include="头文件\Bindable">
      <UniqueIdentifier>{4e72c52d-3318-43cf-b66d-ab52a4625e1b}</UniqueIdentifier>
    </Filter>
    <Filter Include="资源文件\model">
      <UniqueIdentifier>{9b3b30cd-1fa8-459f-a846-905e2cbdfd70}</UniqueIdentifier>
    </Filter>
    <Filter Include="源文件\Imgui">
      <UniqueIdentifier>{e02667ec-62f6-4915-80d9-827690c604c0}</UniqueIdentifier>
    </Filter>
  </ItemGroup>
  <ItemGroup>
    <ResourceCompile Include="myengine.rc">
      <Filter>资源文件</Filter>
    </ResourceCompile>
  </ItemGroup>
  <ItemGroup>
    <Image Include="pine_bark_diff_4k.jpg">
      <Filter>资源文件\Image</Filter>
    </Image>
    <Image Include="little.jpg">
      <Filter>资源文件\Image</Filter>
    </Image>
    <Image Include="Assets\Image\Grass001_2K-PNG_Displacement.png">
      <Filter>资源文件\Image</Filter>
    </Image>
    <Image Include="Assets\Image\Grass001_2K-PNG_NormalDX.png">
      <Filter>资源文件\Image</Filter>
    </Image>
    <Image Include="Assets\Image\Grass001_2K-PNG_Color.png">
      <Filter>资源文件\Image</Filter>
    </Image>
    <Image Include="Assets\Image\Tiles132A_2K-JPG_NormalDX.jpg">
      <Filter>资源文件\Image</Filter>
    </Image>
    <Image Include="Assets\Image\Tiles132A_2K-JPG_NormalGL.jpg">
      <Filter>资源文件\Image</Filter>
    </Image>
    <Image Include="Assets\Image\Tiles132A_2K-JPG_Roughness.jpg">
      <Filter>资源文件\Image</Filter>
    </Image>
    <Image Include="Assets\Image\Tiles132A_2K-JPG_AmbientOcclusion.jpg">
      <Filter>资源文件\Image</Filter>
    </Image>
    <Image Include="Assets\Image\Tiles132A_2K-JPG_Color.jpg">
      <Filter>资源文件\Image</Filter>
    </Image>
    <Image Include="Assets\Image\Tiles132A_2K-JPG_Displacement.jpg">
      <Filter>资源文件\Image</Filter>
    </Image>
  </ItemGroup>
  <ItemGroup>
    <ClInclude Include="Source\Bindable\PixelShader.h">
      <Filter>头文件\Bindable</Filter>
    </ClInclude>
    <ClInclude Include="Source\Bindable\Sampler.h">
      <Filter>头文件\Bindable</Filter>
    </ClInclude>
    <ClInclude Include="Source\Bindable\Texture.h">
      <Filter>头文件\Bindable</Filter>
    </ClInclude>
    <ClInclude Include="Source\Bindable\Topology.h">
      <Filter>头文件\Bindable</Filter>
    </ClInclude>
    <ClInclude Include="Source\Bindable\TransformCbuf.h">
      <Filter>头文件\Bindable</Filter>
    </ClInclude>
    <ClInclude Include="Source\Bindable\VertexBuffer.hpp">
      <Filter>头文件\Bindable</Filter>
    </ClInclude>
    <ClInclude Include="Source\Bindable\VertexShader.h">
      <Filter>头文件\Bindable</Filter>
    </ClInclude>
    <ClInclude Include="Source\Bindable\Bindable.h">
      <Filter>头文件\Bindable</Filter>
    </ClInclude>
    <ClInclude Include="Source\Bindable\ConstantBuffer.hpp">
      <Filter>头文件\Bindable</Filter>
    </ClInclude>
    <ClInclude Include="Source\Bindable\IndexBuffer.h">
      <Filter>头文件\Bindable</Filter>
    </ClInclude>
    <ClInclude Include="Source\Bindable\InputLayout.h">
      <Filter>头文件\Bindable</Filter>
    </ClInclude>
    <ClInclude Include="Source\Drawable\SkinnedBox.h">
      <Filter>头文件\Drawable</Filter>
    </ClInclude>
    <ClInclude Include="Source\Drawable\SolidSphere.h">
      <Filter>头文件\Drawable</Filter>
    </ClInclude>
    <ClInclude Include="Source\Drawable\Box.h">
      <Filter>头文件\Drawable</Filter>
    </ClInclude>
    <ClInclude Include="Source\Drawable\Drawable.h">
      <Filter>头文件\Drawable</Filter>
    </ClInclude>
    <ClInclude Include="Source\Drawable\DrawableBase.h">
      <Filter>头文件\Drawable</Filter>
    </ClInclude>
    <ClInclude Include="Source\Drawable\ImportedObject.h">
      <Filter>头文件\Drawable</Filter>
    </ClInclude>
    <ClInclude Include="Source\Geometry\IndexedTriangleList.hpp">
      <Filter>头文件\Geometry</Filter>
    </ClInclude>
    <ClInclude Include="Source\Geometry\Sphere.hpp">
      <Filter>头文件\Geometry</Filter>
    </ClInclude>
    <ClInclude Include="Source\Geometry\Cube.hpp">
      <Filter>头文件\Geometry</Filter>
    </ClInclude>
    <ClInclude Include="Source\imgui\imgui_impl_dx11.h">
      <Filter>源文件\Imgui</Filter>
    </ClInclude>
    <ClInclude Include="Source\imgui\imgui_impl_win32.h">
      <Filter>源文件\Imgui</Filter>
    </ClInclude>
    <ClInclude Include="Source\imgui\imgui_internal.h">
      <Filter>源文件\Imgui</Filter>
    </ClInclude>
    <ClInclude Include="Source\imgui\ImguiManager.h">
      <Filter>源文件\Imgui</Filter>
    </ClInclude>
    <ClInclude Include="Source\imgui\imstb_rectpack.h">
      <Filter>源文件\Imgui</Filter>
    </ClInclude>
    <ClInclude Include="Source\imgui\imstb_textedit.h">
      <Filter>源文件\Imgui</Filter>
    </ClInclude>
    <ClInclude Include="Source\imgui\imstb_truetype.h">
      <Filter>源文件\Imgui</Filter>
    </ClInclude>
    <ClInclude Include="Source\imgui\imconfig.h">
      <Filter>源文件\Imgui</Filter>
    </ClInclude>
    <ClInclude Include="Source\imgui\imgui.h">
      <Filter>源文件\Imgui</Filter>
    </ClInclude>
    <ClInclude Include="Source\window.h">
      <Filter>头文件</Filter>
    </ClInclude>
    <ClInclude Include="Source\app.h">
      <Filter>头文件</Filter>
    </ClInclude>
    <ClInclude Include="Source\Camera.h">
      <Filter>头文件</Filter>
    </ClInclude>
    <ClInclude Include="Source\GDIPlusManager.h">
      <Filter>头文件</Filter>
    </ClInclude>
    <ClInclude Include="Source\graphic.h">
      <Filter>头文件</Filter>
    </ClInclude>
    <ClInclude Include="Source\GraphMicro.h">
      <Filter>头文件</Filter>
    </ClInclude>
    <ClInclude Include="Source\log.h">
      <Filter>头文件</Filter>
    </ClInclude>
    <ClInclude Include="Source\Mathmatic.h">
      <Filter>头文件</Filter>
    </ClInclude>
    <ClInclude Include="Source\PointLight.h">
      <Filter>头文件</Filter>
    </ClInclude>
    <ClInclude Include="Source\resource.h">
      <Filter>头文件</Filter>
    </ClInclude>
    <ClInclude Include="Source\Surface.h">
      <Filter>头文件</Filter>
    </ClInclude>
    <ClInclude Include="Source\Timer.h">
      <Filter>头文件</Filter>
    </ClInclude>
    <ClInclude Include="Source\Drawable\CloudSky.h">
      <Filter>头文件\Drawable</Filter>
    </ClInclude>
    <ClInclude Include="Source\Volume.h">
      <Filter>头文件</Filter>
    </ClInclude>
  </ItemGroup>
  <ItemGroup>
    <ClCompile Include="Source\Bindable\Bindable.cpp">
      <Filter>源文件\Bindable</Filter>
    </ClCompile>
    <ClCompile Include="Source\Bindable\IndexBuffer.cpp">
      <Filter>源文件\Bindable</Filter>
    </ClCompile>
    <ClCompile Include="Source\Bindable\InputLayout.cpp">
      <Filter>源文件\Bindable</Filter>
    </ClCompile>
    <ClCompile Include="Source\Bindable\PixelShader.cpp">
      <Filter>源文件\Bindable</Filter>
    </ClCompile>
    <ClCompile Include="Source\Bindable\Sampler.cpp">
      <Filter>源文件\Bindable</Filter>
    </ClCompile>
    <ClCompile Include="Source\Bindable\Texture.cpp">
      <Filter>源文件\Bindable</Filter>
    </ClCompile>
    <ClCompile Include="Source\Bindable\Topology.cpp">
      <Filter>源文件\Bindable</Filter>
    </ClCompile>
    <ClCompile Include="Source\Bindable\TransformCbuf.cpp">
      <Filter>源文件\Bindable</Filter>
    </ClCompile>
    <ClCompile Include="Source\Drawable\Box.cpp">
      <Filter>源文件\Drawable</Filter>
    </ClCompile>
    <ClCompile Include="Source\Drawable\Drawable.cpp">
      <Filter>源文件\Drawable</Filter>
    </ClCompile>
    <ClCompile Include="Source\Drawable\ImportedObject.cpp">
      <Filter>源文件\Drawable</Filter>
    </ClCompile>
    <ClCompile Include="Source\Drawable\SkinnedBox.cpp">
      <Filter>源文件\Drawable</Filter>
    </ClCompile>
    <ClCompile Include="Source\Drawable\SolidSphere.cpp">
      <Filter>源文件\Drawable</Filter>
    </ClCompile>
    <ClCompile Include="Source\imgui\imgui_draw.cpp">
      <Filter>源文件\Imgui</Filter>
    </ClCompile>
    <ClCompile Include="Source\imgui\imgui_impl_dx11.cpp">
      <Filter>源文件\Imgui</Filter>
    </ClCompile>
    <ClCompile Include="Source\imgui\imgui_impl_win32.cpp">
      <Filter>源文件\Imgui</Filter>
    </ClCompile>
    <ClCompile Include="Source\imgui\imgui_tables.cpp">
      <Filter>源文件\Imgui</Filter>
    </ClCompile>
    <ClCompile Include="Source\imgui\imgui_widgets.cpp">
      <Filter>源文件\Imgui</Filter>
    </ClCompile>
    <ClCompile Include="Source\imgui\ImguiManager.cpp">
      <Filter>源文件\Imgui</Filter>
    </ClCompile>
    <ClCompile Include="Source\imgui\imgui.cpp">
      <Filter>源文件\Imgui</Filter>
    </ClCompile>
    <ClCompile Include="Source\imgui\imgui_demo.cpp">
      <Filter>源文件\Imgui</Filter>
    </ClCompile>
    <ClCompile Include="Source\app.cpp">
      <Filter>源文件</Filter>
    </ClCompile>
    <ClCompile Include="Source\Camera.cpp">
      <Filter>源文件</Filter>
    </ClCompile>
    <ClCompile Include="Source\GDIPlusManager.cpp">
      <Filter>源文件</Filter>
    </ClCompile>
    <ClCompile Include="Source\graphic.cpp">
      <Filter>源文件</Filter>
    </ClCompile>
    <ClCompile Include="Source\PointLight.cpp">
      <Filter>源文件</Filter>
    </ClCompile>
    <ClCompile Include="Source\Surface.cpp">
      <Filter>源文件</Filter>
    </ClCompile>
    <ClCompile Include="Source\Timer.cpp">
      <Filter>源文件</Filter>
    </ClCompile>
    <ClCompile Include="Source\window.cpp">
      <Filter>源文件</Filter>
    </ClCompile>
    <ClCompile Include="Source\WinMain.cpp">
      <Filter>源文件</Filter>
    </ClCompile>
    <ClCompile Include="Source\Bindable\VertexShader.cpp">
      <Filter>源文件\Bindable</Filter>
    </ClCompile>
    <ClCompile Include="Source\Drawable\CloudSky.cpp">
      <Filter>源文件\Drawable</Filter>
    </ClCompile>
    <ClCompile Include="Source\Volume.cpp">
      <Filter>源文件</Filter>
    </ClCompile>
  </ItemGroup>
  <ItemGroup>
    <None Include="Source\imgui\imgui.ini">
      <Filter>源文件\Imgui</Filter>
    </None>
  </ItemGroup>
  <ItemGroup>
    <FxCompile Include="Source\Shader\SolidPS.hlsl">
      <Filter>Shader</Filter>
    </FxCompile>
    <FxCompile Include="Source\Shader\SolidVS.hlsl">
      <Filter>Shader</Filter>
    </FxCompile>
    <FxCompile Include="Source\Shader\TexturePS.hlsl">
      <Filter>Shader</Filter>
    </FxCompile>
    <FxCompile Include="Source\Shader\TextureVS.hlsl">
      <Filter>Shader</Filter>
    </FxCompile>
    <FxCompile Include="Source\Shader\NormalTexturePhongPS.hlsl">
      <Filter>Shader</Filter>
    </FxCompile>
    <FxCompile Include="Source\Shader\NormalTexturePhongVS.hlsl">
      <Filter>Shader</Filter>
    </FxCompile>
    <FxCompile Include="Source\Shader\PhongPS.hlsl">
      <Filter>Shader</Filter>
    </FxCompile>
    <FxCompile Include="Source\Shader\PhongVS.hlsl">
      <Filter>Shader</Filter>
    </FxCompile>
    <FxCompile Include="Source\Shader\CloudPS.hlsl">
      <Filter>Shader</Filter>
    </FxCompile>
    <FxCompile Include="Source\Shader\CloudVS.hlsl">
      <Filter>Shader</Filter>
    </FxCompile>
  </ItemGroup>
</Project>